
Microsoft Visual Studio Solution File, Format Version 12.00
# Visual Studio 2013
VisualStudioVersion = 12.0.30501.0
MinimumVisualStudioVersion = 10.0.40219.1
Project("{FAE04EC0-301F-11D3-BF4B-00C04F79EFBC}") = "TransactionServiceLibrary", "TransactionServiceLibrary\TransactionServiceLibrary.csproj", "{736A7BDC-95B9-4EAC-BA6A-92A0FB5204B1}"
EndProject
Project("{FAE04EC0-301F-11D3-BF4B-00C04F79EFBC}") = "TransactionServiceHost", "TransactionServiceHost\TransactionServiceHost.csproj", "{80A5E885-765F-438B-AF20-219F3C1D9B17}"
EndProject
Project("{FAE04EC0-301F-11D3-BF4B-00C04F79EFBC}") = "TransactionServiceClient", "TransactionServiceClient\TransactionServiceClient.csproj", "{DE04584F-BC86-4C58-AE08-8BBC8FE98EC8}"
EndProject
Global
	GlobalSection(SolutionConfigurationPlatforms) = preSolution
		Debug|Any CPU = Debug|Any CPU
		Release|Any CPU = Release|Any CPU
	EndGlobalSection
	GlobalSection(ProjectConfigurationPlatforms) = postSolution
		{736A7BDC-95B9-4EAC-BA6A-92A0FB5204B1}.Debug|Any CPU.ActiveCfg = Debug|Any CPU
		{736A7BDC-95B9-4EAC-BA6A-92A0FB5204B1}.Debug|Any CPU.Build.0 = Debug|Any CPU
		{736A7BDC-95B9-4EAC-BA6A-92A0FB5204B1}.Release|Any CPU.ActiveCfg = Release|Any CPU
		{736A7BDC-95B9-4EAC-BA6A-92A0FB5204B1}.Release|Any CPU.Build.0 = Release|Any CPU
		{80A5E885-765F-438B-AF20-219F3C1D9B17}.Debug|Any CPU.ActiveCfg = Debug|Any CPU
		{80A5E885-765F-438B-AF20-219F3C1D9B17}.Debug|Any CPU.Build.0 = Debug|Any CPU
		{80A5E885-765F-438B-AF20-219F3C1D9B17}.Release|Any CPU.ActiveCfg = Release|Any CPU
		{80A5E885-765F-438B-AF20-219F3C1D9B17}.Release|Any CPU.Build.0 = Release|Any CPU
		{DE04584F-BC86-4C58-AE08-8BBC8FE98EC8}.Debug|Any CPU.ActiveCfg = Debug|Any CPU
		{DE04584F-BC86-4C58-AE08-8BBC8FE98EC8}.Debug|Any CPU.Build.0 = Debug|Any CPU
		{DE04584F-BC86-4C58-AE08-8BBC8FE98EC8}.Release|Any CPU.ActiveCfg = Release|Any CPU
		{DE04584F-BC86-4C58-AE08-8BBC8FE98EC8}.Release|Any CPU.Build.0 = Release|Any CPU
	EndGlobalSection
	GlobalSection(SolutionProperties) = preSolution
		HideSolutionNode = FALSE
	EndGlobalSection
EndGlobal
